{
  "name": "nvd3",
  "lockfileVersion": 2,
  "requires": true,
  "packages": {
    "": {
      "name": "nvd3",
      "dependencies": {
        "nvd3": "^1.8.6"
      }
    },
    "node_modules/d3": {
      "version": "3.5.17",
      "resolved": "https://registry.npmjs.org/d3/-/d3-3.5.17.tgz",
      "integrity": "sha512-yFk/2idb8OHPKkbAL8QaOaqENNoMhIaSHZerk3oQsECwkObkCpJyjYwCe+OHiq6UEdhe1m8ZGARRRO3ljFjlKg==",
      "license": "BSD-3-Clause",
      "peer": true
    },
    "node_modules/nvd3": {
      "version": "1.8.6",
      "resolved": "https://registry.npmjs.org/nvd3/-/nvd3-1.8.6.tgz",
      "integrity": "sha512-YGQ9hAQHuQCF0JmYkT2GhNMHb5pA+vDfQj6C2GdpQPzdRPj/srPG3mh/3fZzUFt+at1NusLk/RqICUWkxm4viQ==",
      "license": "Apache-2.0",
      "peerDependencies": {
        "d3": "^3.4.4"
      }
    }
  },
  "dependencies": {
    "d3": {
      "version": "3.5.17",
      "resolved": "https://registry.npmjs.org/d3/-/d3-3.5.17.tgz",
      "integrity": "sha512-yFk/2idb8OHPKkbAL8QaOaqENNoMhIaSHZerk3oQsECwkObkCpJyjYwCe+OHiq6UEdhe1m8ZGARRRO3ljFjlKg==",
      "peer": true
    },
    "nvd3": {
      "version": "1.8.6",
      "resolved": "https://registry.npmjs.org/nvd3/-/nvd3-1.8.6.tgz",
      "integrity": "sha512-YGQ9hAQHuQCF0JmYkT2GhNMHb5pA+vDfQj6C2GdpQPzdRPj/srPG3mh/3fZzUFt+at1NusLk/RqICUWkxm4viQ==",
      "requires": {}
    }
  }
}
